
Microsoft Visual Studio Solution File, Format Version 12.00
Project("{FAE04EC0-301F-11D3-BF4B-00C04F79EFBC}") = "ApiGatway", "ApiGatway\ApiGatway.csproj", "{0258F4A4-2649-45A1-AC33-5F243773DD7C}"
EndProject
Project("{FAE04EC0-301F-11D3-BF4B-00C04F79EFBC}") = "OrderServices", "OrderServices\OrderServices.csproj", "{73D77554-0631-4A91-A658-C0DA2A0015D1}"
EndProject
Project("{FAE04EC0-301F-11D3-BF4B-00C04F79EFBC}") = "StockService", "StockService\StockService.csproj", "{0F2D8DA9-8C90-46E9-8EA8-26B3A35E2370}"
EndProject
Project("{FAE04EC0-301F-11D3-BF4B-00C04F79EFBC}") = "PaymentService", "PaymentService\PaymentService.csproj", "{44326C87-55CA-48B2-A11C-20D479444399}"
EndProject
Global
	GlobalSection(SolutionConfigurationPlatforms) = preSolution
		Debug|Any CPU = Debug|Any CPU
		Release|Any CPU = Release|Any CPU
	EndGlobalSection
	GlobalSection(ProjectConfigurationPlatforms) = postSolution
		{0258F4A4-2649-45A1-AC33-5F243773DD7C}.Debug|Any CPU.ActiveCfg = Debug|Any CPU
		{0258F4A4-2649-45A1-AC33-5F243773DD7C}.Debug|Any CPU.Build.0 = Debug|Any CPU
		{0258F4A4-2649-45A1-AC33-5F243773DD7C}.Release|Any CPU.ActiveCfg = Release|Any CPU
		{0258F4A4-2649-45A1-AC33-5F243773DD7C}.Release|Any CPU.Build.0 = Release|Any CPU
		{73D77554-0631-4A91-A658-C0DA2A0015D1}.Debug|Any CPU.ActiveCfg = Debug|Any CPU
		{73D77554-0631-4A91-A658-C0DA2A0015D1}.Debug|Any CPU.Build.0 = Debug|Any CPU
		{73D77554-0631-4A91-A658-C0DA2A0015D1}.Release|Any CPU.ActiveCfg = Release|Any CPU
		{73D77554-0631-4A91-A658-C0DA2A0015D1}.Release|Any CPU.Build.0 = Release|Any CPU
		{0F2D8DA9-8C90-46E9-8EA8-26B3A35E2370}.Debug|Any CPU.ActiveCfg = Debug|Any CPU
		{0F2D8DA9-8C90-46E9-8EA8-26B3A35E2370}.Debug|Any CPU.Build.0 = Debug|Any CPU
		{0F2D8DA9-8C90-46E9-8EA8-26B3A35E2370}.Release|Any CPU.ActiveCfg = Release|Any CPU
		{0F2D8DA9-8C90-46E9-8EA8-26B3A35E2370}.Release|Any CPU.Build.0 = Release|Any CPU
		{44326C87-55CA-48B2-A11C-20D479444399}.Debug|Any CPU.ActiveCfg = Debug|Any CPU
		{44326C87-55CA-48B2-A11C-20D479444399}.Debug|Any CPU.Build.0 = Debug|Any CPU
		{44326C87-55CA-48B2-A11C-20D479444399}.Release|Any CPU.ActiveCfg = Release|Any CPU
		{44326C87-55CA-48B2-A11C-20D479444399}.Release|Any CPU.Build.0 = Release|Any CPU
	EndGlobalSection
EndGlobal
